{
  "version": 4,
  "terraform_version": "1.12.0",
  "serial": 91,
  "lineage": "e66096bc-412c-a307-a242-327b7f67a163",
  "outputs": {},
  "resources": [
    {
      "mode": "managed",
      "type": "aws_ecr_repository",
      "name": "strapi_repository",
      "provider": "provider[\"registry.terraform.io/hashicorp/aws\"]",
      "instances": [
        {
          "schema_version": 0,
          "attributes": {
            "arn": "arn:aws:ecr:us-east-2:607700977843:repository/strapi-repo-gov",
            "encryption_configuration": [
              {
                "encryption_type": "AES256",
                "kms_key": ""
              }
            ],
            "force_delete": null,
            "id": "strapi-repo-gov",
            "image_scanning_configuration": [
              {
                "scan_on_push": true
              }
            ],
            "image_tag_mutability": "MUTABLE",
            "name": "strapi-repo-gov",
            "registry_id": "607700977843",
            "repository_url": "607700977843.dkr.ecr.us-east-2.amazonaws.com/strapi-repo-gov",
            "tags": {
              "name": "strapi-repo-gov"
            },
            "tags_all": {
              "name": "strapi-repo-gov"
            },
            "timeouts": null
          },
          "sensitive_attributes": [],
          "identity_schema_version": 0,
          "private": "eyJlMmJmYjczMC1lY2FhLTExZTYtOGY4OC0zNDM2M2JjN2M0YzAiOnsiZGVsZXRlIjoxMjAwMDAwMDAwMDAwfX0="
        }
      ]
    }
  ],
  "check_results": null
}
